// !$*UTF8*$!
{
	archiveVersion = 1;
	classes = {
	};
	objectVersion = 56;
	objects = {

/* Begin PBXBuildFile section */
		01F6E8122A646270004D558F /* UnitTestCaseApp.swift in Sources */ = {isa = PBXBuildFile; fileRef = 01F6E8112A646270004D558F /* UnitTestCaseApp.swift */; };
		01F6E8142A646270004D558F /* UnitTeseCaseContentView.swift in Sources */ = {isa = PBXBuildFile; fileRef = 01F6E8132A646270004D558F /* UnitTeseCaseContentView.swift */; };
		01F6E8162A646271004D558F /* Assets.xcassets in Resources */ = {isa = PBXBuildFile; fileRef = 01F6E8152A646271004D558F /* Assets.xcassets */; };
		01F6E8192A646271004D558F /* Preview Assets.xcassets in Resources */ = {isa = PBXBuildFile; fileRef = 01F6E8182A646271004D558F /* Preview Assets.xcassets */; };
		01F6E8262A6462BC004D558F /* UnitTestCaseTests.swift in Sources */ = {isa = PBXBuildFile; fileRef = 01F6E8252A6462BC004D558F /* UnitTestCaseTests.swift */; };
/* End PBXBuildFile section */

/* Begin PBXContainerItemProxy section */
		01F6E8272A6462BC004D558F /* PBXContainerItemProxy */ = {
			isa = PBXContainerItemProxy;
			containerPortal = 01F6E8062A646270004D558F /* Project object */;
			proxyType = 1;
			remoteGlobalIDString = 01F6E80D2A646270004D558F;
			remoteInfo = UnitTestCase;
		};
/* End PBXContainerItemProxy section */

/* Begin PBXFileReference section */
		01F6E80E2A646270004D558F /* UnitTestCase.app */ = {isa = PBXFileReference; explicitFileType = wrapper.application; includeInIndex = 0; path = UnitTestCase.app; sourceTree = BUILT_PRODUCTS_DIR; };
		01F6E8112A646270004D558F /* UnitTestCaseApp.swift */ = {isa = PBXFileReference; lastKnownFileType = sourcecode.swift; path = UnitTestCaseApp.swift; sourceTree = "<group>"; };
		01F6E8132A646270004D558F /* UnitTeseCaseContentView.swift */ = {isa = PBXFileReference; lastKnownFileType = sourcecode.swift; path = UnitTeseCaseContentView.swift; sourceTree = "<group>"; };
		01F6E8152A646271004D558F /* Assets.xcassets */ = {isa = PBXFileReference; lastKnownFileType = folder.assetcatalog; path = Assets.xcassets; sourceTree = "<group>"; };
		01F6E8182A646271004D558F /* Preview Assets.xcassets */ = {isa = PBXFileReference; lastKnownFileType = folder.assetcatalog; path = "Preview Assets.xcassets"; sourceTree = "<group>"; };
		01F6E8232A6462BC004D558F /* UnitTestCaseTests.xctest */ = {isa = PBXFileReference; explicitFileType = wrapper.cfbundle; includeInIndex = 0; path = UnitTestCaseTests.xctest; sourceTree = BUILT_PRODUCTS_DIR; };
		01F6E8252A6462BC004D558F /* UnitTestCaseTests.swift */ = {isa = PBXFileReference; lastKnownFileType = sourcecode.swift; path = UnitTestCaseTests.swift; sourceTree = "<group>"; };
/* End PBXFileReference section */

/* Begin PBXFrameworksBuildPhase section */
		01F6E80B2A646270004D558F /* Frameworks */ = {
			isa = PBXFrameworksBuildPhase;
			buildActionMask = 2147483647;
			files = (
			);
			runOnlyForDeploymentPostprocessing = 0;
		};
		01F6E8202A6462BC004D558F /* Frameworks */ = {
			isa = PBXFrameworksBuildPhase;
			buildActionMask = 2147483647;
			files = (
			);
			runOnlyForDeploymentPostprocessing = 0;
		};
/* End PBXFrameworksBuildPhase section */

/* Begin PBXGroup section */
		01F6E8052A646270004D558F = {
			isa = PBXGroup;
			children = (
				01F6E8102A646270004D558F /* UnitTestCase */,
				01F6E8242A6462BC004D558F /* UnitTestCaseTests */,
				01F6E80F2A646270004D558F /* Products */,
			);
			sourceTree = "<group>";
		};
		01F6E80F2A646270004D558F /* Products */ = {
			isa = PBXGroup;
			children = (
				01F6E80E2A646270004D558F /* UnitTestCase.app */,
				01F6E8232A6462BC004D558F /* UnitTestCaseTests.xctest */,
			);
			name = Products;
			sourceTree = "<group>";
		};
		01F6E8102A646270004D558F /* UnitTestCase */ = {
			isa = PBXGroup;
			children = (
				01F6E8112A646270004D558F /* UnitTestCaseApp.swift */,
				01F6E8132A646270004D558F /* UnitTeseCaseContentView.swift */,
				01F6E8152A646271004D558F /* Assets.xcassets */,
				01F6E8172A646271004D558F /* Preview Content */,
			);
			path = UnitTestCase;
			sourceTree = "<group>";
		};
		01F6E8172A646271004D558F /* Preview Content */ = {
			isa = PBXGroup;
			children = (
				01F6E8182A646271004D558F /* Preview Assets.xcassets */,
			);
			path = "Preview Content";
			sourceTree = "<group>";
		};
		01F6E8242A6462BC004D558F /* UnitTestCaseTests */ = {
			isa = PBXGroup;
			children = (
				01F6E8252A6462BC004D558F /* UnitTestCaseTests.swift */,
			);
			path = UnitTestCaseTests;
			sourceTree = "<group>";
		};
/* End PBXGroup section */

/* Begin PBXNativeTarget section */
		01F6E80D2A646270004D558F /* UnitTestCase */ = {
			isa = PBXNativeTarget;
			buildConfigurationList = 01F6E81C2A646271004D558F /* Build configuration list for PBXNativeTarget "UnitTestCase" */;
			buildPhases = (
				01F6E80A2A646270004D558F /* Sources */,
				01F6E80B2A646270004D558F /* Frameworks */,
				01F6E80C2A646270004D558F /* Resources */,
			);
			buildRules = (
			);
			dependencies = (
			);
			name = UnitTestCase;
			productName = UnitTestCase;
			productReference = 01F6E80E2A646270004D558F /* UnitTestCase.app */;
			productType = "com.apple.product-type.application";
		};
		01F6E8222A6462BC004D558F /* UnitTestCaseTests */ = {
			isa = PBXNativeTarget;
			buildConfigurationList = 01F6E8292A6462BC004D558F /* Build configuration list for PBXNativeTarget "UnitTestCaseTests" */;
			buildPhases = (
				01F6E81F2A6462BC004D558F /* Sources */,
				01F6E8202A6462BC004D558F /* Frameworks */,
				01F6E8212A6462BC004D558F /* Resources */,
			);
			buildRules = (
			);
			dependencies = (
				01F6E8282A6462BC004D558F /* PBXTargetDependency */,
			);
			name = UnitTestCaseTests;
			productName = UnitTestCaseTests;
			productReference = 01F6E8232A6462BC004D558F /* UnitTestCaseTests.xctest */;
			productType = "com.apple.product-type.bundle.unit-test";
		};
/* End PBXNativeTarget section */

/* Begin PBXProject section */
		01F6E8062A646270004D558F /* Project object */ = {
			isa = PBXProject;
			attributes = {
				BuildIndependentTargetsInParallel = 1;
				LastSwiftUpdateCheck = 1430;
				LastUpgradeCheck = 1430;
				TargetAttributes = {
					01F6E80D2A646270004D558F = {
						CreatedOnToolsVersion = 14.3;
					};
					01F6E8222A6462BC004D558F = {
						CreatedOnToolsVersion = 14.3;
						TestTargetID = 01F6E80D2A646270004D558F;
					};
				};
			};
			buildConfigurationList = 01F6E8092A646270004D558F /* Build configuration list for PBXProject "UnitTestCase" */;
			compatibilityVersion = "Xcode 14.0";
			developmentRegion = en;
			hasScannedForEncodings = 0;
			knownRegions = (
				en,
				Base,
			);
			mainGroup = 01F6E8052A646270004D558F;
			productRefGroup = 01F6E80F2A646270004D558F /* Products */;
			projectDirPath = "";
			projectRoot = "";
			targets = (
				01F6E80D2A646270004D558F /* UnitTestCase */,
				01F6E8222A6462BC004D558F /* UnitTestCaseTests */,
			);
		};
/* End PBXProject section */

/* Begin PBXResourcesBuildPhase section */
		01F6E80C2A646270004D558F /* Resources */ = {
			isa = PBXResourcesBuildPhase;
			buildActionMask = 2147483647;
			files = (
				01F6E8192A646271004D558F /* Preview Assets.xcassets in Resources */,
				01F6E8162A646271004D558F /* Assets.xcassets in Resources */,
			);
			runOnlyForDeploymentPostprocessing = 0;
		};
		01F6E8212A6462BC004D558F /* Resources */ = {
			isa = PBXResourcesBuildPhase;
			buildActionMask = 2147483647;
			files = (
			);
			runOnlyForDeploymentPostprocessing = 0;
		};
/* End PBXResourcesBuildPhase section */

/* Begin PBXSourcesBuildPhase section */
		01F6E80A2A646270004D558F /* Sources */ = {
			isa = PBXSourcesBuildPhase;
			buildActionMask = 2147483647;
			files = (
				01F6E8142A646270004D558F /* UnitTeseCaseContentView.swift in Sources */,
				01F6E8122A646270004D558F /* UnitTestCaseApp.swift in Sources */,
			);
			runOnlyForDeploymentPostprocessing = 0;
		};
		01F6E81F2A6462BC004D558F /* Sources */ = {
			isa = PBXSourcesBuildPhase;
			buildActionMask = 2147483647;
			files = (
				01F6E8262A6462BC004D558F /* UnitTestCaseTests.swift in Sources */,
			);
			runOnlyForDeploymentPostprocessing = 0;
		};
/* End PBXSourcesBuildPhase section */

/* Begin PBXTargetDependency section */
		01F6E8282A6462BC004D558F /* PBXTargetDependency */ = {
			isa = PBXTargetDependency;
			target = 01F6E80D2A646270004D558F /* UnitTestCase */;
			targetProxy = 01F6E8272A6462BC004D558F /* PBXContainerItemProxy */;
		};
/* End PBXTargetDependency section */

/* Begin XCBuildConfiguration section */
		01F6E81A2A646271004D558F /* Debug */ = {
			isa = XCBuildConfiguration;
			buildSettings = {
				ALWAYS_SEARCH_USER_PATHS = NO;
				CLANG_ANALYZER_NONNULL = YES;
				CLANG_ANALYZER_NUMBER_OBJECT_CONVERSION = YES_AGGRESSIVE;
				CLANG_CXX_LANGUAGE_STANDARD = "gnu++20";
				CLANG_ENABLE_MODULES = YES;
				CLANG_ENABLE_OBJC_ARC = YES;
				CLANG_ENABLE_OBJC_WEAK = YES;
				CLANG_WARN_BLOCK_CAPTURE_AUTORELEASING = YES;
				CLANG_WARN_BOOL_CONVERSION = YES;
				CLANG_WARN_COMMA = YES;
				CLANG_WARN_CONSTANT_CONVERSION = YES;
				CLANG_WARN_DEPRECATED_OBJC_IMPLEMENTATIONS = YES;
				CLANG_WARN_DIRECT_OBJC_ISA_USAGE = YES_ERROR;
				CLANG_WARN_DOCUMENTATION_COMMENTS = YES;
				CLANG_WARN_EMPTY_BODY = YES;
				CLANG_WARN_ENUM_CONVERSION = YES;
				CLANG_WARN_INFINITE_RECURSION = YES;
				CLANG_WARN_INT_CONVERSION = YES;
				CLANG_WARN_NON_LITERAL_NULL_CONVERSION = YES;
				CLANG_WARN_OBJC_IMPLICIT_RETAIN_SELF = YES;
				CLANG_WARN_OBJC_LITERAL_CONVERSION = YES;
				CLANG_WARN_OBJC_ROOT_CLASS = YES_ERROR;
				CLANG_WARN_QUOTED_INCLUDE_IN_FRAMEWORK_HEADER = YES;
				CLANG_WARN_RANGE_LOOP_ANALYSIS = YES;
				CLANG_WARN_STRICT_PROTOTYPES = YES;
				CLANG_WARN_SUSPICIOUS_MOVE = YES;
				CLANG_WARN_UNGUARDED_AVAILABILITY = YES_AGGRESSIVE;
				CLANG_WARN_UNREACHABLE_CODE = YES;
				CLANG_WARN__DUPLICATE_METHOD_MATCH = YES;
				COPY_PHASE_STRIP = NO;
				DEBUG_INFORMATION_FORMAT = dwarf;
				ENABLE_STRICT_OBJC_MSGSEND = YES;
				ENABLE_TESTABILITY = YES;
				GCC_C_LANGUAGE_STANDARD = gnu11;
				GCC_DYNAMIC_NO_PIC = NO;
				GCC_NO_COMMON_BLOCKS = YES;
				GCC_OPTIMIZATION_LEVEL = 0;
				GCC_PREPROCESSOR_DEFINITIONS = (
					"DEBUG=1",
					"$(inherited)",
				);
				GCC_WARN_64_TO_32_BIT_CONVERSION = YES;
				GCC_WARN_ABOUT_RETURN_TYPE = YES_ERROR;
				GCC_WARN_UNDECLARED_SELECTOR = YES;
				GCC_WARN_UNINITIALIZED_AUTOS = YES_AGGRESSIVE;
				GCC_WARN_UNUSED_FUNCTION = YES;
				GCC_WARN_UNUSED_VARIABLE = YES;
				IPHONEOS_DEPLOYMENT_TARGET = 16.4;
				MTL_ENABLE_DEBUG_INFO = INCLUDE_SOURCE;
				MTL_FAST_MATH = YES;
				ONLY_ACTIVE_ARCH = YES;
				SDKROOT = iphoneos;
				SWIFT_ACTIVE_COMPILATION_CONDITIONS = DEBUG;
				SWIFT_OPTIMIZATION_LEVEL = "-Onone";
			};
			name = Debug;
		};
		01F6E81B2A646271004D558F /* Release */ = {
			isa = XCBuildConfiguration;
			buildSettings = {
				ALWAYS_SEARCH_USER_PATHS = NO;
				CLANG_ANALYZER_NONNULL = YES;
				CLANG_ANALYZER_NUMBER_OBJECT_CONVERSION = YES_AGGRESSIVE;
				CLANG_CXX_LANGUAGE_STANDARD = "gnu++20";
				CLANG_ENABLE_MODULES = YES;
				CLANG_ENABLE_OBJC_ARC = YES;
				CLANG_ENABLE_OBJC_WEAK = YES;
				CLANG_WARN_BLOCK_CAPTURE_AUTORELEASING = YES;
				CLANG_WARN_BOOL_CONVERSION = YES;
				CLANG_WARN_COMMA = YES;
				CLANG_WARN_CONSTANT_CONVERSION = YES;
				CLANG_WARN_DEPRECATED_OBJC_IMPLEMENTATIONS = YES;
				CLANG_WARN_DIRECT_OBJC_ISA_USAGE = YES_ERROR;
				CLANG_WARN_DOCUMENTATION_COMMENTS = YES;
				CLANG_WARN_EMPTY_BODY = YES;
				CLANG_WARN_ENUM_CONVERSION = YES;
				CLANG_WARN_INFINITE_RECURSION = YES;
				CLANG_WARN_INT_CONVERSION = YES;
				CLANG_WARN_NON_LITERAL_NULL_CONVERSION = YES;
				CLANG_WARN_OBJC_IMPLICIT_RETAIN_SELF = YES;
				CLANG_WARN_OBJC_LITERAL_CONVERSION = YES;
				CLANG_WARN_OBJC_ROOT_CLASS = YES_ERROR;
				CLANG_WARN_QUOTED_INCLUDE_IN_FRAMEWORK_HEADER = YES;
				CLANG_WARN_RANGE_LOOP_ANALYSIS = YES;
				CLANG_WARN_STRICT_PROTOTYPES = YES;
				CLANG_WARN_SUSPICIOUS_MOVE = YES;
				CLANG_WARN_UNGUARDED_AVAILABILITY = YES_AGGRESSIVE;
				CLANG_WARN_UNREACHABLE_CODE = YES;
				CLANG_WARN__DUPLICATE_METHOD_MATCH = YES;
				COPY_PHASE_STRIP = NO;
				DEBUG_INFORMATION_FORMAT = "dwarf-with-dsym";
				ENABLE_NS_ASSERTIONS = NO;
				ENABLE_STRICT_OBJC_MSGSEND = YES;
				GCC_C_LANGUAGE_STANDARD = gnu11;
				GCC_NO_COMMON_BLOCKS = YES;
				GCC_WARN_64_TO_32_BIT_CONVERSION = YES;
				GCC_WARN_ABOUT_RETURN_TYPE = YES_ERROR;
				GCC_WARN_UNDECLARED_SELECTOR = YES;
				GCC_WARN_UNINITIALIZED_AUTOS = YES_AGGRESSIVE;
				GCC_WARN_UNUSED_FUNCTION = YES;
				GCC_WARN_UNUSED_VARIABLE = YES;
				IPHONEOS_DEPLOYMENT_TARGET = 16.4;
				MTL_ENABLE_DEBUG_INFO = NO;
				MTL_FAST_MATH = YES;
				SDKROOT = iphoneos;
				SWIFT_COMPILATION_MODE = wholemodule;
				SWIFT_OPTIMIZATION_LEVEL = "-O";
				VALIDATE_PRODUCT = YES;
			};
			name = Release;
		};
		01F6E81D2A646271004D558F /* Debug */ = {
			isa = XCBuildConfiguration;
			buildSettings = {
				ASSETCATALOG_COMPILER_APPICON_NAME = AppIcon;
				ASSETCATALOG_COMPILER_GLOBAL_ACCENT_COLOR_NAME = AccentColor;
				CODE_SIGN_STYLE = Automatic;
				CURRENT_PROJECT_VERSION = 1;
				DEVELOPMENT_ASSET_PATHS = "\"UnitTestCase/Preview Content\"";
				ENABLE_PREVIEWS = YES;
				GENERATE_INFOPLIST_FILE = YES;
				INFOPLIST_KEY_UIApplicationSceneManifest_Generation = YES;
				INFOPLIST_KEY_UIApplicationSupportsIndirectInputEvents = YES;
				INFOPLIST_KEY_UILaunchScreen_Generation = YES;
				INFOPLIST_KEY_UISupportedInterfaceOrientations_iPad = "UIInterfaceOrientationPortrait UIInterfaceOrientationPortraitUpsideDown UIInterfaceOrientationLandscapeLeft UIInterfaceOrientationLandscapeRight";
				INFOPLIST_KEY_UISupportedInterfaceOrientations_iPhone = "UIInterfaceOrientationPortrait UIInterfaceOrientationLandscapeLeft UIInterfaceOrientationLandscapeRight";
				LD_RUNPATH_SEARCH_PATHS = (
					"$(inherited)",
					"@executable_path/Frameworks",
				);
				MARKETING_VERSION = 1.0;
				PRODUCT_BUNDLE_IDENTIFIER = com.cyient.UnitTestCase;
				PRODUCT_NAME = "$(TARGET_NAME)";
				SWIFT_EMIT_LOC_STRINGS = YES;
				SWIFT_VERSION = 5.0;
				TARGETED_DEVICE_FAMILY = "1,2";
			};
			name = Debug;
		};
		01F6E81E2A646271004D558F /* Release */ = {
			isa = XCBuildConfiguration;
			buildSettings = {
				ASSETCATALOG_COMPILER_APPICON_NAME = AppIcon;
				ASSETCATALOG_COMPILER_GLOBAL_ACCENT_COLOR_NAME = AccentColor;
				CODE_SIGN_STYLE = Automatic;
				CURRENT_PROJECT_VERSION = 1;
				DEVELOPMENT_ASSET_PATHS = "\"UnitTestCase/Preview Content\"";
				ENABLE_PREVIEWS = YES;
				GENERATE_INFOPLIST_FILE = YES;
				INFOPLIST_KEY_UIApplicationSceneManifest_Generation = YES;
				INFOPLIST_KEY_UIApplicationSupportsIndirectInputEvents = YES;
				INFOPLIST_KEY_UILaunchScreen_Generation = YES;
				INFOPLIST_KEY_UISupportedInterfaceOrientations_iPad = "UIInterfaceOrientationPortrait UIInterfaceOrientationPortraitUpsideDown UIInterfaceOrientationLandscapeLeft UIInterfaceOrientationLandscapeRight";
				INFOPLIST_KEY_UISupportedInterfaceOrientations_iPhone = "UIInterfaceOrientationPortrait UIInterfaceOrientationLandscapeLeft UIInterfaceOrientationLandscapeRight";
				LD_RUNPATH_SEARCH_PATHS = (
					"$(inherited)",
					"@executable_path/Frameworks",
				);
				MARKETING_VERSION = 1.0;
				PRODUCT_BUNDLE_IDENTIFIER = com.cyient.UnitTestCase;
				PRODUCT_NAME = "$(TARGET_NAME)";
				SWIFT_EMIT_LOC_STRINGS = YES;
				SWIFT_VERSION = 5.0;
				TARGETED_DEVICE_FAMILY = "1,2";
			};
			name = Release;
		};
		01F6E82A2A6462BC004D558F /* Debug */ = {
			isa = XCBuildConfiguration;
			buildSettings = {
				BUNDLE_LOADER = "$(TEST_HOST)";
				CODE_SIGN_STYLE = Automatic;
				CURRENT_PROJECT_VERSION = 1;
				GENERATE_INFOPLIST_FILE = YES;
				MARKETING_VERSION = 1.0;
				PRODUCT_BUNDLE_IDENTIFIER = com.cyient.UnitTestCaseTests;
				PRODUCT_NAME = "$(TARGET_NAME)";
				SWIFT_EMIT_LOC_STRINGS = NO;
				SWIFT_VERSION = 5.0;
				TARGETED_DEVICE_FAMILY = "1,2";
				TEST_HOST = "$(BUILT_PRODUCTS_DIR)/UnitTestCase.app/$(BUNDLE_EXECUTABLE_FOLDER_PATH)/UnitTestCase";
			};
			name = Debug;
		};
		01F6E82B2A6462BC004D558F /* Release */ = {
			isa = XCBuildConfiguration;
			buildSettings = {
				BUNDLE_LOADER = "$(TEST_HOST)";
				CODE_SIGN_STYLE = Automatic;
				CURRENT_PROJECT_VERSION = 1;
				GENERATE_INFOPLIST_FILE = YES;
				MARKETING_VERSION = 1.0;
				PRODUCT_BUNDLE_IDENTIFIER = com.cyient.UnitTestCaseTests;
				PRODUCT_NAME = "$(TARGET_NAME)";
				SWIFT_EMIT_LOC_STRINGS = NO;
				SWIFT_VERSION = 5.0;
				TARGETED_DEVICE_FAMILY = "1,2";
				TEST_HOST = "$(BUILT_PRODUCTS_DIR)/UnitTestCase.app/$(BUNDLE_EXECUTABLE_FOLDER_PATH)/UnitTestCase";
			};
			name = Release;
		};
/* End XCBuildConfiguration section */

/* Begin XCConfigurationList section */
		01F6E8092A646270004D558F /* Build configuration list for PBXProject "UnitTestCase" */ = {
			isa = XCConfigurationList;
			buildConfigurations = (
				01F6E81A2A646271004D558F /* Debug */,
				01F6E81B2A646271004D558F /* Release */,
			);
			defaultConfigurationIsVisible = 0;
			defaultConfigurationName = Release;
		};
		01F6E81C2A646271004D558F /* Build configuration list for PBXNativeTarget "UnitTestCase" */ = {
			isa = XCConfigurationList;
			buildConfigurations = (
				01F6E81D2A646271004D558F /* Debug */,
				01F6E81E2A646271004D558F /* Release */,
			);
			defaultConfigurationIsVisible = 0;
			defaultConfigurationName = Release;
		};
		01F6E8292A6462BC004D558F /* Build configuration list for PBXNativeTarget "UnitTestCaseTests" */ = {
			isa = XCConfigurationList;
			buildConfigurations = (
				01F6E82A2A6462BC004D558F /* Debug */,
				01F6E82B2A6462BC004D558F /* Release */,
			);
			defaultConfigurationIsVisible = 0;
			defaultConfigurationName = Release;
		};
/* End XCConfigurationList section */
	};
	rootObject = 01F6E8062A646270004D558F /* Project object */;
}
